
Microsoft Visual Studio Solution File, Format Version 12.00
# Visual Studio Version 16
VisualStudioVersion = 16.0.30503.244
MinimumVisualStudioVersion = 10.0.40219.1
Project("{FAE04EC0-301F-11D3-BF4B-00C04F79EFBC}") = "TestPipeline", "TestPipeline\TestPipeline.csproj", "{A597980D-FB3D-4418-B0B0-C6C9A681B457}"
EndProject
Project("{FAE04EC0-301F-11D3-BF4B-00C04F79EFBC}") = "XUnitTestProject1", "XUnitTestProject1\XUnitTestProject1.csproj", "{6F00F4CE-A9E3-43F4-AF26-396B4B1CDDB0}"
EndProject
Global
	GlobalSection(SolutionConfigurationPlatforms) = preSolution
		Debug|Any CPU = Debug|Any CPU
		Release|Any CPU = Release|Any CPU
	EndGlobalSection
	GlobalSection(ProjectConfigurationPlatforms) = postSolution
		{A597980D-FB3D-4418-B0B0-C6C9A681B457}.Debug|Any CPU.ActiveCfg = Debug|Any CPU
		{A597980D-FB3D-4418-B0B0-C6C9A681B457}.Debug|Any CPU.Build.0 = Debug|Any CPU
		{A597980D-FB3D-4418-B0B0-C6C9A681B457}.Release|Any CPU.ActiveCfg = Release|Any CPU
		{A597980D-FB3D-4418-B0B0-C6C9A681B457}.Release|Any CPU.Build.0 = Release|Any CPU
		{6F00F4CE-A9E3-43F4-AF26-396B4B1CDDB0}.Debug|Any CPU.ActiveCfg = Debug|Any CPU
		{6F00F4CE-A9E3-43F4-AF26-396B4B1CDDB0}.Debug|Any CPU.Build.0 = Debug|Any CPU
		{6F00F4CE-A9E3-43F4-AF26-396B4B1CDDB0}.Release|Any CPU.ActiveCfg = Release|Any CPU
		{6F00F4CE-A9E3-43F4-AF26-396B4B1CDDB0}.Release|Any CPU.Build.0 = Release|Any CPU
	EndGlobalSection
	GlobalSection(SolutionProperties) = preSolution
		HideSolutionNode = FALSE
	EndGlobalSection
	GlobalSection(ExtensibilityGlobals) = postSolution
		SolutionGuid = {92126E9E-024E-4FD2-A6E5-A601D073B56D}
	EndGlobalSection
EndGlobal
